
Microsoft Visual Studio Solution File, Format Version 12.00
# Visual Studio 2015
Project("{FAE04EC0-301F-11D3-BF4B-00C04F79EFBC}") = "Shmup 'Em Up.CSharp", "Shmup 'Em Up.CSharp.csproj", "{6C199C5C-DC5F-44EB-C997-FF4679B4049A}"
EndProject
Global
	GlobalSection(SolutionConfigurationPlatforms) = preSolution
		Debug|Any CPU = Debug|Any CPU
		Release|Any CPU = Release|Any CPU
	EndGlobalSection
	GlobalSection(ProjectConfigurationPlatforms) = postSolution
		{6C199C5C-DC5F-44EB-C997-FF4679B4049A}.Debug|Any CPU.ActiveCfg = Debug|Any CPU
		{6C199C5C-DC5F-44EB-C997-FF4679B4049A}.Debug|Any CPU.Build.0 = Debug|Any CPU
		{6C199C5C-DC5F-44EB-C997-FF4679B4049A}.Release|Any CPU.ActiveCfg = Release|Any CPU
		{6C199C5C-DC5F-44EB-C997-FF4679B4049A}.Release|Any CPU.Build.0 = Release|Any CPU
	EndGlobalSection
	GlobalSection(SolutionProperties) = preSolution
		HideSolutionNode = FALSE
	EndGlobalSection
EndGlobal
